
Microsoft Visual Studio Solution File, Format Version 12.00
# Visual Studio Version 17
VisualStudioVersion = 17.5.33424.131
MinimumVisualStudioVersion = 10.0.40219.1
Project("{9A19103F-16F7-4668-BE54-9A1E7A4F7556}") = "InfoPanelEF.Blazor.Server", "InfoPanelEF.Blazor.Server\InfoPanelEF.Blazor.Server.csproj", "{030D79FF-707B-4ACF-B646-1D738C3CFF17}"
EndProject
Project("{9A19103F-16F7-4668-BE54-9A1E7A4F7556}") = "InfoPanelEF.Module", "InfoPanelEF.Module\InfoPanelEF.Module.csproj", "{BBBD60A8-1DB4-41D7-AE17-76589C08C7F9}"
EndProject
Project("{9A19103F-16F7-4668-BE54-9A1E7A4F7556}") = "InfoPanelEF.Win", "InfoPanelEF.Win\InfoPanelEF.Win.csproj", "{FF718E5D-538C-419B-A7D9-AE0C59766C57}"
EndProject

Global
	GlobalSection(SolutionConfigurationPlatforms) = preSolution
		Debug|Any CPU = Debug|Any CPU
		EasyTest|Any CPU = EasyTest|Any CPU
		Release|Any CPU = Release|Any CPU
	EndGlobalSection
	GlobalSection(ProjectConfigurationPlatforms) = postSolution
		{BBBD60A8-1DB4-41D7-AE17-76589C08C7F9}.Debug|Any CPU.ActiveCfg = Debug|Any CPU
		{BBBD60A8-1DB4-41D7-AE17-76589C08C7F9}.Debug|Any CPU.Build.0 = Debug|Any CPU
		{BBBD60A8-1DB4-41D7-AE17-76589C08C7F9}.EasyTest|Any CPU.ActiveCfg = EasyTest|Any CPU
		{BBBD60A8-1DB4-41D7-AE17-76589C08C7F9}.EasyTest|Any CPU.Build.0 = EasyTest|Any CPU
		{BBBD60A8-1DB4-41D7-AE17-76589C08C7F9}.Release|Any CPU.ActiveCfg = Release|Any CPU
		{BBBD60A8-1DB4-41D7-AE17-76589C08C7F9}.Release|Any CPU.Build.0 = Release|Any CPU
		{FF718E5D-538C-419B-A7D9-AE0C59766C57}.Debug|Any CPU.ActiveCfg = Debug|Any CPU
		{FF718E5D-538C-419B-A7D9-AE0C59766C57}.Debug|Any CPU.Build.0 = Debug|Any CPU
		{FF718E5D-538C-419B-A7D9-AE0C59766C57}.EasyTest|Any CPU.ActiveCfg = EasyTest|Any CPU
		{FF718E5D-538C-419B-A7D9-AE0C59766C57}.EasyTest|Any CPU.Build.0 = EasyTest|Any CPU
		{FF718E5D-538C-419B-A7D9-AE0C59766C57}.Release|Any CPU.ActiveCfg = Release|Any CPU
		{FF718E5D-538C-419B-A7D9-AE0C59766C57}.Release|Any CPU.Build.0 = Release|Any CPU
		{030D79FF-707B-4ACF-B646-1D738C3CFF17}.Debug|Any CPU.ActiveCfg = Debug|Any CPU
		{030D79FF-707B-4ACF-B646-1D738C3CFF17}.Debug|Any CPU.Build.0 = Debug|Any CPU
		{030D79FF-707B-4ACF-B646-1D738C3CFF17}.EasyTest|Any CPU.ActiveCfg = EasyTest|Any CPU
		{030D79FF-707B-4ACF-B646-1D738C3CFF17}.EasyTest|Any CPU.Build.0 = EasyTest|Any CPU
		{030D79FF-707B-4ACF-B646-1D738C3CFF17}.Release|Any CPU.ActiveCfg = Release|Any CPU
		{030D79FF-707B-4ACF-B646-1D738C3CFF17}.Release|Any CPU.Build.0 = Release|Any CPU
	EndGlobalSection
	GlobalSection(SolutionProperties) = preSolution
		HideSolutionNode = FALSE
	EndGlobalSection
	GlobalSection(ExtensibilityGlobals) = postSolution
		SolutionGuid = {AD2B630E-127D-4B54-BE96-7BF6D21F4EE7}
	EndGlobalSection
EndGlobal
